
Microsoft Visual Studio Solution File, Format Version 12.00
# Visual Studio Version 17
VisualStudioVersion = 17.9.34616.47
MinimumVisualStudioVersion = 10.0.40219.1
Project("{FAE04EC0-301F-11D3-BF4B-00C04F79EFBC}") = "Lab6-1", "Lab6-1\Lab6-1.csproj", "{5362A09A-6151-414E-AF18-D740536FEC10}"
EndProject
Project("{FAE04EC0-301F-11D3-BF4B-00C04F79EFBC}") = "Lab6-2", "Lab6-2\Lab6-2.csproj", "{4FA0AA7F-C0CD-4FD0-BC30-86477B0235D1}"
EndProject
Project("{FAE04EC0-301F-11D3-BF4B-00C04F79EFBC}") = "Lab6-3", "Lab6-3\Lab6-3.csproj", "{32A6465B-BBE8-46D0-BC58-C3233CC1E632}"
EndProject
Project("{FAE04EC0-301F-11D3-BF4B-00C04F79EFBC}") = "Lab6-4", "Lab6-4\Lab6-4.csproj", "{9283C155-1C1A-49A8-BB69-4C0CA45CBDD8}"
EndProject
Project("{FAE04EC0-301F-11D3-BF4B-00C04F79EFBC}") = "Lab6-5", "Lab6-5\Lab6-5.csproj", "{A0B7B30B-92F4-4B6B-AA27-862E9D6BEF34}"
EndProject
Global
	GlobalSection(SolutionConfigurationPlatforms) = preSolution
		Debug|Any CPU = Debug|Any CPU
		Release|Any CPU = Release|Any CPU
	EndGlobalSection
	GlobalSection(ProjectConfigurationPlatforms) = postSolution
		{5362A09A-6151-414E-AF18-D740536FEC10}.Debug|Any CPU.ActiveCfg = Debug|Any CPU
		{5362A09A-6151-414E-AF18-D740536FEC10}.Debug|Any CPU.Build.0 = Debug|Any CPU
		{5362A09A-6151-414E-AF18-D740536FEC10}.Release|Any CPU.ActiveCfg = Release|Any CPU
		{5362A09A-6151-414E-AF18-D740536FEC10}.Release|Any CPU.Build.0 = Release|Any CPU
		{4FA0AA7F-C0CD-4FD0-BC30-86477B0235D1}.Debug|Any CPU.ActiveCfg = Debug|Any CPU
		{4FA0AA7F-C0CD-4FD0-BC30-86477B0235D1}.Debug|Any CPU.Build.0 = Debug|Any CPU
		{4FA0AA7F-C0CD-4FD0-BC30-86477B0235D1}.Release|Any CPU.ActiveCfg = Release|Any CPU
		{4FA0AA7F-C0CD-4FD0-BC30-86477B0235D1}.Release|Any CPU.Build.0 = Release|Any CPU
		{32A6465B-BBE8-46D0-BC58-C3233CC1E632}.Debug|Any CPU.ActiveCfg = Debug|Any CPU
		{32A6465B-BBE8-46D0-BC58-C3233CC1E632}.Debug|Any CPU.Build.0 = Debug|Any CPU
		{32A6465B-BBE8-46D0-BC58-C3233CC1E632}.Release|Any CPU.ActiveCfg = Release|Any CPU
		{32A6465B-BBE8-46D0-BC58-C3233CC1E632}.Release|Any CPU.Build.0 = Release|Any CPU
		{9283C155-1C1A-49A8-BB69-4C0CA45CBDD8}.Debug|Any CPU.ActiveCfg = Debug|Any CPU
		{9283C155-1C1A-49A8-BB69-4C0CA45CBDD8}.Debug|Any CPU.Build.0 = Debug|Any CPU
		{9283C155-1C1A-49A8-BB69-4C0CA45CBDD8}.Release|Any CPU.ActiveCfg = Release|Any CPU
		{9283C155-1C1A-49A8-BB69-4C0CA45CBDD8}.Release|Any CPU.Build.0 = Release|Any CPU
		{A0B7B30B-92F4-4B6B-AA27-862E9D6BEF34}.Debug|Any CPU.ActiveCfg = Debug|Any CPU
		{A0B7B30B-92F4-4B6B-AA27-862E9D6BEF34}.Debug|Any CPU.Build.0 = Debug|Any CPU
		{A0B7B30B-92F4-4B6B-AA27-862E9D6BEF34}.Release|Any CPU.ActiveCfg = Release|Any CPU
		{A0B7B30B-92F4-4B6B-AA27-862E9D6BEF34}.Release|Any CPU.Build.0 = Release|Any CPU
	EndGlobalSection
	GlobalSection(SolutionProperties) = preSolution
		HideSolutionNode = FALSE
	EndGlobalSection
	GlobalSection(ExtensibilityGlobals) = postSolution
		SolutionGuid = {E6F00BA5-590E-4DB7-A78E-ECA1391BCD52}
	EndGlobalSection
EndGlobal
